dependencies:
- name: testfachdienst
  repository: file://charts/testfachdienst
  version: 0.0.1
- name: popp-mocks
  repository: file://charts/popp-mocks
  version: 0.0.1
- name: test-monitoring-service
  repository: file://charts/test-monitoring-service
  version: 0.1.0
- name: exauthsim
  repository: file://charts/exauthsim
  version: 0.0.1
- name: zeta-guard
  repository: file://charts/zeta-guard
  version: 0.3.2
- name: testdriver
  repository: file://charts/test-driver
  version: 0.0.1
- name: tiger-proxy
  repository: file://charts/tiger-proxy
  version: 0.0.1
- name: tiger-testsuite
  repository: file://charts/tiger-testsuite
  version: 0.0.1
digest: sha256:60e7e2f988f40e3955189e5af41abfa13eab7797aec53798929f1e0920338b67
generated: "2026-02-12T12:13:18.683596+01:00"
