dependencies:
- name: ingress-nginx
  repository: https://kubernetes.github.io/ingress-nginx
  version: 4.11.5
- name: testfachdienst
  repository: file://charts/testfachdienst
  version: 0.0.1
- name: popp-mocks
  repository: file://charts/popp-mocks
  version: 0.0.1
- name: test-monitoring-service
  repository: file://charts/test-monitoring-service
  version: 0.1.0
- name: exauthsim
  repository: file://charts/exauthsim
  version: 0.0.1
- name: zeta-guard
  repository: file://charts/zeta-guard
  version: 0.2.5
- name: testdriver
  repository: file://charts/test-driver
  version: 0.0.1
- name: tiger-proxy
  repository: file://charts/tiger-proxy
  version: 0.0.1
- name: tiger-testsuite
  repository: file://charts/tiger-testsuite
  version: 0.0.1
digest: sha256:af0d9c6e13bab6141d94ce417922d9222b64299a7d0136e28b36ac92ab554c69
generated: "2025-12-19T12:39:22.512088819+01:00"
