dependencies:
- name: nginx-ingress
  repository: oci://ghcr.io/nginx/charts
  version: 2.5.0
- name: opentelemetry-collector
  repository: https://open-telemetry.github.io/opentelemetry-helm-charts
  version: 0.147.1
digest: sha256:6b0556d9371a2321b4c9c6c67e861adb493d904548d040ad052285496890269a
generated: "2026-03-23T11:44:33.481429+01:00"
