dependencies:
- name: opentelemetry-collector
  repository: https://open-telemetry.github.io/opentelemetry-helm-charts
  version: 0.99.0
- name: opentelemetry-collector
  repository: https://open-telemetry.github.io/opentelemetry-helm-charts
  version: 0.99.0
- name: postgresql
  repository: oci://registry-1.docker.io/bitnamicharts
  version: 15.5.38
digest: sha256:424bcdddf6416c9baa5987fa5bae41d7d12d8b77cb6829b37f5c9ce664975d1d
generated: "2025-11-10T09:59:20.970848659+01:00"
